
Microsoft Visual Studio Solution File, Format Version 12.00
# Visual Studio Version 17
VisualStudioVersion = 17.6.33801.468
MinimumVisualStudioVersion = 10.0.40219.1
Project("{FAE04EC0-301F-11D3-BF4B-00C04F79EFBC}") = "heranca", "heranca\heranca.csproj", "{0FE28122-9AA9-4EB4-A97B-C46A90FA822D}"
EndProject
Global
	GlobalSection(SolutionConfigurationPlatforms) = preSolution
		Debug|Any CPU = Debug|Any CPU
		Release|Any CPU = Release|Any CPU
	EndGlobalSection
	GlobalSection(ProjectConfigurationPlatforms) = postSolution
		{0FE28122-9AA9-4EB4-A97B-C46A90FA822D}.Debug|Any CPU.ActiveCfg = Debug|Any CPU
		{0FE28122-9AA9-4EB4-A97B-C46A90FA822D}.Debug|Any CPU.Build.0 = Debug|Any CPU
		{0FE28122-9AA9-4EB4-A97B-C46A90FA822D}.Release|Any CPU.ActiveCfg = Release|Any CPU
		{0FE28122-9AA9-4EB4-A97B-C46A90FA822D}.Release|Any CPU.Build.0 = Release|Any CPU
	EndGlobalSection
	GlobalSection(SolutionProperties) = preSolution
		HideSolutionNode = FALSE
	EndGlobalSection
	GlobalSection(ExtensibilityGlobals) = postSolution
		SolutionGuid = {D608B558-703D-4BBB-861D-29D9514694E5}
	EndGlobalSection
EndGlobal
